{
	"name": "@hgargg-0710/parsers.js",
	"version": "0.1.1",
	"lockfileVersion": 2,
	"requires": true,
	"packages": {
		"": {
			"name": "@hgargg-0710/parsers.js",
			"version": "0.1.1",
			"license": "MIT",
			"dependencies": {
				"@hgargg-0710/one": "0.1.1"
			}
		},
		"node_modules/@hgargg-0710/one": {
			"version": "0.1.1",
			"resolved": "https://registry.npmjs.org/@hgargg-0710/one/-/one-0.1.1.tgz",
			"integrity": "sha512-oYlBXGUWz5wwn6PThtq9KaEDgE8EW+DekXS5+TCMnHuHiaJZjp5HUwYipDcbgzdR4tGE/kIxElHIIRUloPQ3mg=="
		}
	},
	"dependencies": {
		"@hgargg-0710/one": {
			"version": "0.1.1",
			"resolved": "https://registry.npmjs.org/@hgargg-0710/one/-/one-0.1.1.tgz",
			"integrity": "sha512-oYlBXGUWz5wwn6PThtq9KaEDgE8EW+DekXS5+TCMnHuHiaJZjp5HUwYipDcbgzdR4tGE/kIxElHIIRUloPQ3mg=="
		}
	}
}
