{
	"name": "@hgargg-0710/parsers.js",
	"version": "0.3.0",
	"lockfileVersion": 2,
	"requires": true,
	"packages": {
		"": {
			"name": "@hgargg-0710/parsers.js",
			"version": "0.3.0",
			"license": "MIT",
			"dependencies": {
				"@hgargg-0710/one": "0.2.2"
			},
			"devDependencies": {
				"@hgargg-0710/summat.ts": "^0.0.1",
				"@types/node": "^20.14.8"
			}
		},
		"node_modules/@hgargg-0710/one": {
			"version": "0.2.2",
			"resolved": "https://registry.npmjs.org/@hgargg-0710/one/-/one-0.2.2.tgz",
			"integrity": "sha512-I26m9+HTeE9pVcHxKPnXKP2BDY5afxNHTMttsrooOZwYqZLtfNCh5LBkhXUxB27nUeCA9o0YSu8cU9Crd9YXhQ=="
		},
		"node_modules/@hgargg-0710/summat.ts": {
			"version": "0.0.1",
			"resolved": "https://registry.npmjs.org/@hgargg-0710/summat.ts/-/summat.ts-0.0.1.tgz",
			"integrity": "sha512-IjmxCjjI7k3ATripG0bJmqcGRxQFz/vAZ8uRD0R8QNPqwzwMizhYqEG/kHBfCMZ1OV/zJNiSudwDhsMkz0swug==",
			"dev": true
		},
		"node_modules/@types/node": {
			"version": "20.14.8",
			"resolved": "https://registry.npmjs.org/@types/node/-/node-20.14.8.tgz",
			"integrity": "sha512-DO+2/jZinXfROG7j7WKFn/3C6nFwxy2lLpgLjEXJz+0XKphZlTLJ14mo8Vfg8X5BWN6XjyESXq+LcYdT7tR3bA==",
			"dev": true,
			"dependencies": {
				"undici-types": "~5.26.4"
			}
		},
		"node_modules/undici-types": {
			"version": "5.26.5",
			"resolved": "https://registry.npmjs.org/undici-types/-/undici-types-5.26.5.tgz",
			"integrity": "sha512-JlCMO+ehdEIKqlFxk6IfVoAUVmgz7cU7zD/h9XZ0qzeosSHmUJVOzSQvvYSYWXkFXC+IfLKSIffhv0sVZup6pA==",
			"dev": true
		}
	},
	"dependencies": {
		"@hgargg-0710/one": {
			"version": "0.2.2",
			"resolved": "https://registry.npmjs.org/@hgargg-0710/one/-/one-0.2.2.tgz",
			"integrity": "sha512-I26m9+HTeE9pVcHxKPnXKP2BDY5afxNHTMttsrooOZwYqZLtfNCh5LBkhXUxB27nUeCA9o0YSu8cU9Crd9YXhQ=="
		},
		"@hgargg-0710/summat.ts": {
			"version": "0.0.1",
			"resolved": "https://registry.npmjs.org/@hgargg-0710/summat.ts/-/summat.ts-0.0.1.tgz",
			"integrity": "sha512-IjmxCjjI7k3ATripG0bJmqcGRxQFz/vAZ8uRD0R8QNPqwzwMizhYqEG/kHBfCMZ1OV/zJNiSudwDhsMkz0swug==",
			"dev": true
		},
		"@types/node": {
			"version": "20.14.8",
			"resolved": "https://registry.npmjs.org/@types/node/-/node-20.14.8.tgz",
			"integrity": "sha512-DO+2/jZinXfROG7j7WKFn/3C6nFwxy2lLpgLjEXJz+0XKphZlTLJ14mo8Vfg8X5BWN6XjyESXq+LcYdT7tR3bA==",
			"dev": true,
			"requires": {
				"undici-types": "~5.26.4"
			}
		},
		"undici-types": {
			"version": "5.26.5",
			"resolved": "https://registry.npmjs.org/undici-types/-/undici-types-5.26.5.tgz",
			"integrity": "sha512-JlCMO+ehdEIKqlFxk6IfVoAUVmgz7cU7zD/h9XZ0qzeosSHmUJVOzSQvvYSYWXkFXC+IfLKSIffhv0sVZup6pA==",
			"dev": true
		}
	}
}
