{
	"name": "@hgargg-0710/parser.js",
	"version": "0.1.0",
	"lockfileVersion": 2,
	"requires": true,
	"packages": {
		"": {
			"name": "@hgargg-0710/parser.js",
			"version": "0.1.0",
			"license": "MIT",
			"dependencies": {
				"@hgargg-0710/one": "^0.1.0"
			}
		},
		"node_modules/@hgargg-0710/one": {
			"version": "0.1.0",
			"resolved": "https://registry.npmjs.org/@hgargg-0710/one/-/one-0.1.0.tgz",
			"integrity": "sha512-eGzMqLybkmKBRmocejGXWOkl7EcYUCoSqkaMD00xcvxOH079H9j+Sr4V0UePl3GjmAlWOnp61SOeNl9KGzTqsQ=="
		}
	},
	"dependencies": {
		"@hgargg-0710/one": {
			"version": "0.1.0",
			"resolved": "https://registry.npmjs.org/@hgargg-0710/one/-/one-0.1.0.tgz",
			"integrity": "sha512-eGzMqLybkmKBRmocejGXWOkl7EcYUCoSqkaMD00xcvxOH079H9j+Sr4V0UePl3GjmAlWOnp61SOeNl9KGzTqsQ=="
		}
	}
}
